
Microsoft Visual Studio Solution File, Format Version 12.00
# Visual Studio Version 17
VisualStudioVersion = 17.0.32126.317
MinimumVisualStudioVersion = 10.0.40219.1
Project("{FAE04EC0-301F-11D3-BF4B-00C04F79EFBC}") = "RedisAPI", "RedisAPI\RedisAPI.csproj", "{4F21829E-9F2B-487C-BD18-E909E282FE75}"
EndProject
Global
	GlobalSection(SolutionConfigurationPlatforms) = preSolution
		Debug|Any CPU = Debug|Any CPU
		Release|Any CPU = Release|Any CPU
	EndGlobalSection
	GlobalSection(ProjectConfigurationPlatforms) = postSolution
		{4F21829E-9F2B-487C-BD18-E909E282FE75}.Debug|Any CPU.ActiveCfg = Debug|Any CPU
		{4F21829E-9F2B-487C-BD18-E909E282FE75}.Debug|Any CPU.Build.0 = Debug|Any CPU
		{4F21829E-9F2B-487C-BD18-E909E282FE75}.Release|Any CPU.ActiveCfg = Release|Any CPU
		{4F21829E-9F2B-487C-BD18-E909E282FE75}.Release|Any CPU.Build.0 = Release|Any CPU
	EndGlobalSection
	GlobalSection(SolutionProperties) = preSolution
		HideSolutionNode = FALSE
	EndGlobalSection
	GlobalSection(ExtensibilityGlobals) = postSolution
		SolutionGuid = {AACA6093-BB85-4B8C-AD8D-F0F139BD480D}
	EndGlobalSection
EndGlobal
